// !$*UTF8*$!
{
	archiveVersion = 1;
	classes = {
	};
	objectVersion = 50;
	objects = {

/* Begin PBXBuildFile section */
		B55C6A4522451C0C00B45D7A /* MovieDataController.swift in Sources */ = {isa = PBXBuildFile; fileRef = B55C6A4422451C0C00B45D7A /* MovieDataController.swift */; };
		B582D8C9223FD0460014273E /* AppDelegate.swift in Sources */ = {isa = PBXBuildFile; fileRef = B582D8C8223FD0460014273E /* AppDelegate.swift */; };
		B582D8CB223FD0460014273E /* MasterViewController.swift in Sources */ = {isa = PBXBuildFile; fileRef = B582D8CA223FD0460014273E /* MasterViewController.swift */; };
		B582D8CD223FD0460014273E /* DetailViewController.swift in Sources */ = {isa = PBXBuildFile; fileRef = B582D8CC223FD0460014273E /* DetailViewController.swift */; };
		B582D8D0223FD0460014273E /* Main.storyboard in Resources */ = {isa = PBXBuildFile; fileRef = B582D8CE223FD0460014273E /* Main.storyboard */; };
		B582D8D2223FD0480014273E /* Assets.xcassets in Resources */ = {isa = PBXBuildFile; fileRef = B582D8D1223FD0480014273E /* Assets.xcassets */; };
		B582D8D5223FD0480014273E /* LaunchScreen.storyboard in Resources */ = {isa = PBXBuildFile; fileRef = B582D8D3223FD0480014273E /* LaunchScreen.storyboard */; };
		B582D8E0223FD0480014273E /* DeeperIntoTheJSONAbyssTests.swift in Sources */ = {isa = PBXBuildFile; fileRef = B582D8DF223FD0480014273E /* DeeperIntoTheJSONAbyssTests.swift */; };
		B582D8EB223FD4430014273E /* MovieDataModel.swift in Sources */ = {isa = PBXBuildFile; fileRef = B582D8EA223FD4430014273E /* MovieDataModel.swift */; };
/* End PBXBuildFile section */

/* Begin PBXContainerItemProxy section */
		B582D8DC223FD0480014273E /* PBXContainerItemProxy */ = {
			isa = PBXContainerItemProxy;
			containerPortal = B582D8BD223FD0450014273E /* Project object */;
			proxyType = 1;
			remoteGlobalIDString = B582D8C4223FD0450014273E;
			remoteInfo = DeeperIntoTheJSONAbyss;
		};
/* End PBXContainerItemProxy section */

/* Begin PBXFileReference section */
		B55C6A4422451C0C00B45D7A /* MovieDataController.swift */ = {isa = PBXFileReference; lastKnownFileType = sourcecode.swift; path = MovieDataController.swift; sourceTree = "<group>"; };
		B582D8C5223FD0460014273E /* DeeperIntoTheJSONAbyss.app */ = {isa = PBXFileReference; explicitFileType = wrapper.application; includeInIndex = 0; path = DeeperIntoTheJSONAbyss.app; sourceTree = BUILT_PRODUCTS_DIR; };
		B582D8C8223FD0460014273E /* AppDelegate.swift */ = {isa = PBXFileReference; lastKnownFileType = sourcecode.swift; path = AppDelegate.swift; sourceTree = "<group>"; };
		B582D8CA223FD0460014273E /* MasterViewController.swift */ = {isa = PBXFileReference; lastKnownFileType = sourcecode.swift; path = MasterViewController.swift; sourceTree = "<group>"; };
		B582D8CC223FD0460014273E /* DetailViewController.swift */ = {isa = PBXFileReference; lastKnownFileType = sourcecode.swift; path = DetailViewController.swift; sourceTree = "<group>"; };
		B582D8CF223FD0460014273E /* Base */ = {isa = PBXFileReference; lastKnownFileType = file.storyboard; name = Base; path = Base.lproj/Main.storyboard; sourceTree = "<group>"; };
		B582D8D1223FD0480014273E /* Assets.xcassets */ = {isa = PBXFileReference; lastKnownFileType = folder.assetcatalog; path = Assets.xcassets; sourceTree = "<group>"; };
		B582D8D4223FD0480014273E /* Base */ = {isa = PBXFileReference; lastKnownFileType = file.storyboard; name = Base; path = Base.lproj/LaunchScreen.storyboard; sourceTree = "<group>"; };
		B582D8D6223FD0480014273E /* Info.plist */ = {isa = PBXFileReference; lastKnownFileType = text.plist.xml; path = Info.plist; sourceTree = "<group>"; };
		B582D8DB223FD0480014273E /* DeeperIntoTheJSONAbyssTests.xctest */ = {isa = PBXFileReference; explicitFileType = wrapper.cfbundle; includeInIndex = 0; path = DeeperIntoTheJSONAbyssTests.xctest; sourceTree = BUILT_PRODUCTS_DIR; };
		B582D8DF223FD0480014273E /* DeeperIntoTheJSONAbyssTests.swift */ = {isa = PBXFileReference; lastKnownFileType = sourcecode.swift; path = DeeperIntoTheJSONAbyssTests.swift; sourceTree = "<group>"; };
		B582D8E1223FD0480014273E /* Info.plist */ = {isa = PBXFileReference; lastKnownFileType = text.plist.xml; path = Info.plist; sourceTree = "<group>"; };
		B582D8EA223FD4430014273E /* MovieDataModel.swift */ = {isa = PBXFileReference; lastKnownFileType = sourcecode.swift; path = MovieDataModel.swift; sourceTree = "<group>"; };
/* End PBXFileReference section */

/* Begin PBXFrameworksBuildPhase section */
		B582D8C2223FD0450014273E /* Frameworks */ = {
			isa = PBXFrameworksBuildPhase;
			buildActionMask = 2147483647;
			files = (
			);
			runOnlyForDeploymentPostprocessing = 0;
		};
		B582D8D8223FD0480014273E /* Frameworks */ = {
			isa = PBXFrameworksBuildPhase;
			buildActionMask = 2147483647;
			files = (
			);
			runOnlyForDeploymentPostprocessing = 0;
		};
/* End PBXFrameworksBuildPhase section */

/* Begin PBXGroup section */
		B582D8BC223FD0450014273E = {
			isa = PBXGroup;
			children = (
				B582D8C7223FD0460014273E /* DeeperIntoTheJSONAbyss */,
				B582D8DE223FD0480014273E /* DeeperIntoTheJSONAbyssTests */,
				B582D8C6223FD0460014273E /* Products */,
			);
			sourceTree = "<group>";
		};
		B582D8C6223FD0460014273E /* Products */ = {
			isa = PBXGroup;
			children = (
				B582D8C5223FD0460014273E /* DeeperIntoTheJSONAbyss.app */,
				B582D8DB223FD0480014273E /* DeeperIntoTheJSONAbyssTests.xctest */,
			);
			name = Products;
			sourceTree = "<group>";
		};
		B582D8C7223FD0460014273E /* DeeperIntoTheJSONAbyss */ = {
			isa = PBXGroup;
			children = (
				B582D8C8223FD0460014273E /* AppDelegate.swift */,
				B582D8CA223FD0460014273E /* MasterViewController.swift */,
				B582D8CC223FD0460014273E /* DetailViewController.swift */,
				B582D8CE223FD0460014273E /* Main.storyboard */,
				B582D8D1223FD0480014273E /* Assets.xcassets */,
				B582D8D3223FD0480014273E /* LaunchScreen.storyboard */,
				B582D8D6223FD0480014273E /* Info.plist */,
				B582D8EA223FD4430014273E /* MovieDataModel.swift */,
				B55C6A4422451C0C00B45D7A /* MovieDataController.swift */,
			);
			path = DeeperIntoTheJSONAbyss;
			sourceTree = "<group>";
		};
		B582D8DE223FD0480014273E /* DeeperIntoTheJSONAbyssTests */ = {
			isa = PBXGroup;
			children = (
				B582D8DF223FD0480014273E /* DeeperIntoTheJSONAbyssTests.swift */,
				B582D8E1223FD0480014273E /* Info.plist */,
			);
			path = DeeperIntoTheJSONAbyssTests;
			sourceTree = "<group>";
		};
/* End PBXGroup section */

/* Begin PBXNativeTarget section */
		B582D8C4223FD0450014273E /* DeeperIntoTheJSONAbyss */ = {
			isa = PBXNativeTarget;
			buildConfigurationList = B582D8E4223FD0480014273E /* Build configuration list for PBXNativeTarget "DeeperIntoTheJSONAbyss" */;
			buildPhases = (
				B582D8C1223FD0450014273E /* Sources */,
				B582D8C2223FD0450014273E /* Frameworks */,
				B582D8C3223FD0450014273E /* Resources */,
			);
			buildRules = (
			);
			dependencies = (
			);
			name = DeeperIntoTheJSONAbyss;
			productName = DeeperIntoTheJSONAbyss;
			productReference = B582D8C5223FD0460014273E /* DeeperIntoTheJSONAbyss.app */;
			productType = "com.apple.product-type.application";
		};
		B582D8DA223FD0480014273E /* DeeperIntoTheJSONAbyssTests */ = {
			isa = PBXNativeTarget;
			buildConfigurationList = B582D8E7223FD0480014273E /* Build configuration list for PBXNativeTarget "DeeperIntoTheJSONAbyssTests" */;
			buildPhases = (
				B582D8D7223FD0480014273E /* Sources */,
				B582D8D8223FD0480014273E /* Frameworks */,
				B582D8D9223FD0480014273E /* Resources */,
			);
			buildRules = (
			);
			dependencies = (
				B582D8DD223FD0480014273E /* PBXTargetDependency */,
			);
			name = DeeperIntoTheJSONAbyssTests;
			productName = DeeperIntoTheJSONAbyssTests;
			productReference = B582D8DB223FD0480014273E /* DeeperIntoTheJSONAbyssTests.xctest */;
			productType = "com.apple.product-type.bundle.unit-test";
		};
/* End PBXNativeTarget section */

/* Begin PBXProject section */
		B582D8BD223FD0450014273E /* Project object */ = {
			isa = PBXProject;
			attributes = {
				LastSwiftUpdateCheck = 1010;
				LastUpgradeCheck = 1010;
				ORGANIZATIONNAME = "Adam Saxton";
				TargetAttributes = {
					B582D8C4223FD0450014273E = {
						CreatedOnToolsVersion = 10.1;
					};
					B582D8DA223FD0480014273E = {
						CreatedOnToolsVersion = 10.1;
						TestTargetID = B582D8C4223FD0450014273E;
					};
				};
			};
			buildConfigurationList = B582D8C0223FD0450014273E /* Build configuration list for PBXProject "DeeperIntoTheJSONAbyss" */;
			compatibilityVersion = "Xcode 9.3";
			developmentRegion = en;
			hasScannedForEncodings = 0;
			knownRegions = (
				en,
				Base,
			);
			mainGroup = B582D8BC223FD0450014273E;
			productRefGroup = B582D8C6223FD0460014273E /* Products */;
			projectDirPath = "";
			projectRoot = "";
			targets = (
				B582D8C4223FD0450014273E /* DeeperIntoTheJSONAbyss */,
				B582D8DA223FD0480014273E /* DeeperIntoTheJSONAbyssTests */,
			);
		};
/* End PBXProject section */

/* Begin PBXResourcesBuildPhase section */
		B582D8C3223FD0450014273E /* Resources */ = {
			isa = PBXResourcesBuildPhase;
			buildActionMask = 2147483647;
			files = (
				B582D8D5223FD0480014273E /* LaunchScreen.storyboard in Resources */,
				B582D8D2223FD0480014273E /* Assets.xcassets in Resources */,
				B582D8D0223FD0460014273E /* Main.storyboard in Resources */,
			);
			runOnlyForDeploymentPostprocessing = 0;
		};
		B582D8D9223FD0480014273E /* Resources */ = {
			isa = PBXResourcesBuildPhase;
			buildActionMask = 2147483647;
			files = (
			);
			runOnlyForDeploymentPostprocessing = 0;
		};
/* End PBXResourcesBuildPhase section */

/* Begin PBXSourcesBuildPhase section */
		B582D8C1223FD0450014273E /* Sources */ = {
			isa = PBXSourcesBuildPhase;
			buildActionMask = 2147483647;
			files = (
				B582D8CD223FD0460014273E /* DetailViewController.swift in Sources */,
				B582D8CB223FD0460014273E /* MasterViewController.swift in Sources */,
				B582D8EB223FD4430014273E /* MovieDataModel.swift in Sources */,
				B55C6A4522451C0C00B45D7A /* MovieDataController.swift in Sources */,
				B582D8C9223FD0460014273E /* AppDelegate.swift in Sources */,
			);
			runOnlyForDeploymentPostprocessing = 0;
		};
		B582D8D7223FD0480014273E /* Sources */ = {
			isa = PBXSourcesBuildPhase;
			buildActionMask = 2147483647;
			files = (
				B582D8E0223FD0480014273E /* DeeperIntoTheJSONAbyssTests.swift in Sources */,
			);
			runOnlyForDeploymentPostprocessing = 0;
		};
/* End PBXSourcesBuildPhase section */

/* Begin PBXTargetDependency section */
		B582D8DD223FD0480014273E /* PBXTargetDependency */ = {
			isa = PBXTargetDependency;
			target = B582D8C4223FD0450014273E /* DeeperIntoTheJSONAbyss */;
			targetProxy = B582D8DC223FD0480014273E /* PBXContainerItemProxy */;
		};
/* End PBXTargetDependency section */

/* Begin PBXVariantGroup section */
		B582D8CE223FD0460014273E /* Main.storyboard */ = {
			isa = PBXVariantGroup;
			children = (
				B582D8CF223FD0460014273E /* Base */,
			);
			name = Main.storyboard;
			sourceTree = "<group>";
		};
		B582D8D3223FD0480014273E /* LaunchScreen.storyboard */ = {
			isa = PBXVariantGroup;
			children = (
				B582D8D4223FD0480014273E /* Base */,
			);
			name = LaunchScreen.storyboard;
			sourceTree = "<group>";
		};
/* End PBXVariantGroup section */

/* Begin XCBuildConfiguration section */
		B582D8E2223FD0480014273E /* Debug */ = {
			isa = XCBuildConfiguration;
			buildSettings = {
				ALWAYS_SEARCH_USER_PATHS = NO;
				CLANG_ANALYZER_NONNULL = YES;
				CLANG_ANALYZER_NUMBER_OBJECT_CONVERSION = YES_AGGRESSIVE;
				CLANG_CXX_LANGUAGE_STANDARD = "gnu++14";
				CLANG_CXX_LIBRARY = "libc++";
				CLANG_ENABLE_MODULES = YES;
				CLANG_ENABLE_OBJC_ARC = YES;
				CLANG_ENABLE_OBJC_WEAK = YES;
				CLANG_WARN_BLOCK_CAPTURE_AUTORELEASING = YES;
				CLANG_WARN_BOOL_CONVERSION = YES;
				CLANG_WARN_COMMA = YES;
				CLANG_WARN_CONSTANT_CONVERSION = YES;
				CLANG_WARN_DEPRECATED_OBJC_IMPLEMENTATIONS = YES;
				CLANG_WARN_DIRECT_OBJC_ISA_USAGE = YES_ERROR;
				CLANG_WARN_DOCUMENTATION_COMMENTS = YES;
				CLANG_WARN_EMPTY_BODY = YES;
				CLANG_WARN_ENUM_CONVERSION = YES;
				CLANG_WARN_INFINITE_RECURSION = YES;
				CLANG_WARN_INT_CONVERSION = YES;
				CLANG_WARN_NON_LITERAL_NULL_CONVERSION = YES;
				CLANG_WARN_OBJC_IMPLICIT_RETAIN_SELF = YES;
				CLANG_WARN_OBJC_LITERAL_CONVERSION = YES;
				CLANG_WARN_OBJC_ROOT_CLASS = YES_ERROR;
				CLANG_WARN_RANGE_LOOP_ANALYSIS = YES;
				CLANG_WARN_STRICT_PROTOTYPES = YES;
				CLANG_WARN_SUSPICIOUS_MOVE = YES;
				CLANG_WARN_UNGUARDED_AVAILABILITY = YES_AGGRESSIVE;
				CLANG_WARN_UNREACHABLE_CODE = YES;
				CLANG_WARN__DUPLICATE_METHOD_MATCH = YES;
				CODE_SIGN_IDENTITY = "iPhone Developer";
				COPY_PHASE_STRIP = NO;
				DEBUG_INFORMATION_FORMAT = dwarf;
				ENABLE_STRICT_OBJC_MSGSEND = YES;
				ENABLE_TESTABILITY = YES;
				GCC_C_LANGUAGE_STANDARD = gnu11;
				GCC_DYNAMIC_NO_PIC = NO;
				GCC_NO_COMMON_BLOCKS = YES;
				GCC_OPTIMIZATION_LEVEL = 0;
				GCC_PREPROCESSOR_DEFINITIONS = (
					"DEBUG=1",
					"$(inherited)",
				);
				GCC_WARN_64_TO_32_BIT_CONVERSION = YES;
				GCC_WARN_ABOUT_RETURN_TYPE = YES_ERROR;
				GCC_WARN_UNDECLARED_SELECTOR = YES;
				GCC_WARN_UNINITIALIZED_AUTOS = YES_AGGRESSIVE;
				GCC_WARN_UNUSED_FUNCTION = YES;
				GCC_WARN_UNUSED_VARIABLE = YES;
				IPHONEOS_DEPLOYMENT_TARGET = 12.1;
				MTL_ENABLE_DEBUG_INFO = INCLUDE_SOURCE;
				MTL_FAST_MATH = YES;
				ONLY_ACTIVE_ARCH = YES;
				SDKROOT = iphoneos;
				SWIFT_ACTIVE_COMPILATION_CONDITIONS = DEBUG;
				SWIFT_OPTIMIZATION_LEVEL = "-Onone";
			};
			name = Debug;
		};
		B582D8E3223FD0480014273E /* Release */ = {
			isa = XCBuildConfiguration;
			buildSettings = {
				ALWAYS_SEARCH_USER_PATHS = NO;
				CLANG_ANALYZER_NONNULL = YES;
				CLANG_ANALYZER_NUMBER_OBJECT_CONVERSION = YES_AGGRESSIVE;
				CLANG_CXX_LANGUAGE_STANDARD = "gnu++14";
				CLANG_CXX_LIBRARY = "libc++";
				CLANG_ENABLE_MODULES = YES;
				CLANG_ENABLE_OBJC_ARC = YES;
				CLANG_ENABLE_OBJC_WEAK = YES;
				CLANG_WARN_BLOCK_CAPTURE_AUTORELEASING = YES;
				CLANG_WARN_BOOL_CONVERSION = YES;
				CLANG_WARN_COMMA = YES;
				CLANG_WARN_CONSTANT_CONVERSION = YES;
				CLANG_WARN_DEPRECATED_OBJC_IMPLEMENTATIONS = YES;
				CLANG_WARN_DIRECT_OBJC_ISA_USAGE = YES_ERROR;
				CLANG_WARN_DOCUMENTATION_COMMENTS = YES;
				CLANG_WARN_EMPTY_BODY = YES;
				CLANG_WARN_ENUM_CONVERSION = YES;
				CLANG_WARN_INFINITE_RECURSION = YES;
				CLANG_WARN_INT_CONVERSION = YES;
				CLANG_WARN_NON_LITERAL_NULL_CONVERSION = YES;
				CLANG_WARN_OBJC_IMPLICIT_RETAIN_SELF = YES;
				CLANG_WARN_OBJC_LITERAL_CONVERSION = YES;
				CLANG_WARN_OBJC_ROOT_CLASS = YES_ERROR;
				CLANG_WARN_RANGE_LOOP_ANALYSIS = YES;
				CLANG_WARN_STRICT_PROTOTYPES = YES;
				CLANG_WARN_SUSPICIOUS_MOVE = YES;
				CLANG_WARN_UNGUARDED_AVAILABILITY = YES_AGGRESSIVE;
				CLANG_WARN_UNREACHABLE_CODE = YES;
				CLANG_WARN__DUPLICATE_METHOD_MATCH = YES;
				CODE_SIGN_IDENTITY = "iPhone Developer";
				COPY_PHASE_STRIP = NO;
				DEBUG_INFORMATION_FORMAT = "dwarf-with-dsym";
				ENABLE_NS_ASSERTIONS = NO;
				ENABLE_STRICT_OBJC_MSGSEND = YES;
				GCC_C_LANGUAGE_STANDARD = gnu11;
				GCC_NO_COMMON_BLOCKS = YES;
				GCC_WARN_64_TO_32_BIT_CONVERSION = YES;
				GCC_WARN_ABOUT_RETURN_TYPE = YES_ERROR;
				GCC_WARN_UNDECLARED_SELECTOR = YES;
				GCC_WARN_UNINITIALIZED_AUTOS = YES_AGGRESSIVE;
				GCC_WARN_UNUSED_FUNCTION = YES;
				GCC_WARN_UNUSED_VARIABLE = YES;
				IPHONEOS_DEPLOYMENT_TARGET = 12.1;
				MTL_ENABLE_DEBUG_INFO = NO;
				MTL_FAST_MATH = YES;
				SDKROOT = iphoneos;
				SWIFT_COMPILATION_MODE = wholemodule;
				SWIFT_OPTIMIZATION_LEVEL = "-O";
				VALIDATE_PRODUCT = YES;
			};
			name = Release;
		};
		B582D8E5223FD0480014273E /* Debug */ = {
			isa = XCBuildConfiguration;
			buildSettings = {
				ASSETCATALOG_COMPILER_APPICON_NAME = AppIcon;
				CODE_SIGN_STYLE = Automatic;
				INFOPLIST_FILE = DeeperIntoTheJSONAbyss/Info.plist;
				LD_RUNPATH_SEARCH_PATHS = (
					"$(inherited)",
					"@executable_path/Frameworks",
				);
				PRODUCT_BUNDLE_IDENTIFIER = edu.acu.DeeperIntoTheJSONAbyss;
				PRODUCT_NAME = "$(TARGET_NAME)";
				SWIFT_VERSION = 4.2;
				TARGETED_DEVICE_FAMILY = "1,2";
			};
			name = Debug;
		};
		B582D8E6223FD0480014273E /* Release */ = {
			isa = XCBuildConfiguration;
			buildSettings = {
				ASSETCATALOG_COMPILER_APPICON_NAME = AppIcon;
				CODE_SIGN_STYLE = Automatic;
				INFOPLIST_FILE = DeeperIntoTheJSONAbyss/Info.plist;
				LD_RUNPATH_SEARCH_PATHS = (
					"$(inherited)",
					"@executable_path/Frameworks",
				);
				PRODUCT_BUNDLE_IDENTIFIER = edu.acu.DeeperIntoTheJSONAbyss;
				PRODUCT_NAME = "$(TARGET_NAME)";
				SWIFT_VERSION = 4.2;
				TARGETED_DEVICE_FAMILY = "1,2";
			};
			name = Release;
		};
		B582D8E8223FD0480014273E /* Debug */ = {
			isa = XCBuildConfiguration;
			buildSettings = {
				ALWAYS_EMBED_SWIFT_STANDARD_LIBRARIES = YES;
				BUNDLE_LOADER = "$(TEST_HOST)";
				CODE_SIGN_STYLE = Automatic;
				INFOPLIST_FILE = DeeperIntoTheJSONAbyssTests/Info.plist;
				LD_RUNPATH_SEARCH_PATHS = (
					"$(inherited)",
					"@executable_path/Frameworks",
					"@loader_path/Frameworks",
				);
				PRODUCT_BUNDLE_IDENTIFIER = edu.acu.DeeperIntoTheJSONAbyssTests;
				PRODUCT_NAME = "$(TARGET_NAME)";
				SWIFT_VERSION = 4.2;
				TARGETED_DEVICE_FAMILY = "1,2";
				TEST_HOST = "$(BUILT_PRODUCTS_DIR)/DeeperIntoTheJSONAbyss.app/DeeperIntoTheJSONAbyss";
			};
			name = Debug;
		};
		B582D8E9223FD0480014273E /* Release */ = {
			isa = XCBuildConfiguration;
			buildSettings = {
				ALWAYS_EMBED_SWIFT_STANDARD_LIBRARIES = YES;
				BUNDLE_LOADER = "$(TEST_HOST)";
				CODE_SIGN_STYLE = Automatic;
				INFOPLIST_FILE = DeeperIntoTheJSONAbyssTests/Info.plist;
				LD_RUNPATH_SEARCH_PATHS = (
					"$(inherited)",
					"@executable_path/Frameworks",
					"@loader_path/Frameworks",
				);
				PRODUCT_BUNDLE_IDENTIFIER = edu.acu.DeeperIntoTheJSONAbyssTests;
				PRODUCT_NAME = "$(TARGET_NAME)";
				SWIFT_VERSION = 4.2;
				TARGETED_DEVICE_FAMILY = "1,2";
				TEST_HOST = "$(BUILT_PRODUCTS_DIR)/DeeperIntoTheJSONAbyss.app/DeeperIntoTheJSONAbyss";
			};
			name = Release;
		};
/* End XCBuildConfiguration section */

/* Begin XCConfigurationList section */
		B582D8C0223FD0450014273E /* Build configuration list for PBXProject "DeeperIntoTheJSONAbyss" */ = {
			isa = XCConfigurationList;
			buildConfigurations = (
				B582D8E2223FD0480014273E /* Debug */,
				B582D8E3223FD0480014273E /* Release */,
			);
			defaultConfigurationIsVisible = 0;
			defaultConfigurationName = Release;
		};
		B582D8E4223FD0480014273E /* Build configuration list for PBXNativeTarget "DeeperIntoTheJSONAbyss" */ = {
			isa = XCConfigurationList;
			buildConfigurations = (
				B582D8E5223FD0480014273E /* Debug */,
				B582D8E6223FD0480014273E /* Release */,
			);
			defaultConfigurationIsVisible = 0;
			defaultConfigurationName = Release;
		};
		B582D8E7223FD0480014273E /* Build configuration list for PBXNativeTarget "DeeperIntoTheJSONAbyssTests" */ = {
			isa = XCConfigurationList;
			buildConfigurations = (
				B582D8E8223FD0480014273E /* Debug */,
				B582D8E9223FD0480014273E /* Release */,
			);
			defaultConfigurationIsVisible = 0;
			defaultConfigurationName = Release;
		};
/* End XCConfigurationList section */
	};
	rootObject = B582D8BD223FD0450014273E /* Project object */;
}
